
Microsoft Visual Studio Solution File, Format Version 12.00
# Visual Studio Version 17
VisualStudioVersion = 17.9.34902.65
MinimumVisualStudioVersion = 10.0.40219.1
Project("{FAE04EC0-301F-11D3-BF4B-00C04F79EFBC}") = "ClassLibrary1", "ClassLibrary1\ClassLibrary1.csproj", "{D4A8DF59-48C3-4CD2-9388-C29D7D70F3DF}"
EndProject
Project("{FAE04EC0-301F-11D3-BF4B-00C04F79EFBC}") = "RevitBasicPlugin", "RevitBasic-plugin\RevitBasicPlugin.csproj", "{AB458E6D-0BDB-4EC6-8FAF-7FFC1EF93F8F}"
EndProject
Project("{FAE04EC0-301F-11D3-BF4B-00C04F79EFBC}") = "TeklaBasic-plugin", "TeklaBasic-plugin\TeklaBasic-plugin.csproj", "{6895D019-8405-498C-8D6B-16C096E06136}"
EndProject
Global
	GlobalSection(SolutionConfigurationPlatforms) = preSolution
		Debug N22|Any CPU = Debug N22|Any CPU
		Debug N22|x64 = Debug N22|x64
		Debug N24|Any CPU = Debug N24|Any CPU
		Debug N24|x64 = Debug N24|x64
		Debug|Any CPU = Debug|Any CPU
		Debug|x64 = Debug|x64
		Debug-2024|Any CPU = Debug-2024|Any CPU
		Debug-2024|x64 = Debug-2024|x64
		Release N24|Any CPU = Release N24|Any CPU
		Release N24|x64 = Release N24|x64
		Release|Any CPU = Release|Any CPU
		Release|x64 = Release|x64
		Release-2024|Any CPU = Release-2024|Any CPU
		Release-2024|x64 = Release-2024|x64
	EndGlobalSection
	GlobalSection(ProjectConfigurationPlatforms) = postSolution
		{D4A8DF59-48C3-4CD2-9388-C29D7D70F3DF}.Debug N22|Any CPU.ActiveCfg = Debug|Any CPU
		{D4A8DF59-48C3-4CD2-9388-C29D7D70F3DF}.Debug N22|Any CPU.Build.0 = Debug|Any CPU
		{D4A8DF59-48C3-4CD2-9388-C29D7D70F3DF}.Debug N22|x64.ActiveCfg = Debug|Any CPU
		{D4A8DF59-48C3-4CD2-9388-C29D7D70F3DF}.Debug N22|x64.Build.0 = Debug|Any CPU
		{D4A8DF59-48C3-4CD2-9388-C29D7D70F3DF}.Debug N24|Any CPU.ActiveCfg = Debug|Any CPU
		{D4A8DF59-48C3-4CD2-9388-C29D7D70F3DF}.Debug N24|Any CPU.Build.0 = Debug|Any CPU
		{D4A8DF59-48C3-4CD2-9388-C29D7D70F3DF}.Debug N24|x64.ActiveCfg = Debug|Any CPU
		{D4A8DF59-48C3-4CD2-9388-C29D7D70F3DF}.Debug N24|x64.Build.0 = Debug|Any CPU
		{D4A8DF59-48C3-4CD2-9388-C29D7D70F3DF}.Debug|Any CPU.ActiveCfg = Debug|Any CPU
		{D4A8DF59-48C3-4CD2-9388-C29D7D70F3DF}.Debug|Any CPU.Build.0 = Debug|Any CPU
		{D4A8DF59-48C3-4CD2-9388-C29D7D70F3DF}.Debug|x64.ActiveCfg = Debug|Any CPU
		{D4A8DF59-48C3-4CD2-9388-C29D7D70F3DF}.Debug|x64.Build.0 = Debug|Any CPU
		{D4A8DF59-48C3-4CD2-9388-C29D7D70F3DF}.Debug-2024|Any CPU.ActiveCfg = Debug|Any CPU
		{D4A8DF59-48C3-4CD2-9388-C29D7D70F3DF}.Debug-2024|Any CPU.Build.0 = Debug|Any CPU
		{D4A8DF59-48C3-4CD2-9388-C29D7D70F3DF}.Debug-2024|x64.ActiveCfg = Debug|Any CPU
		{D4A8DF59-48C3-4CD2-9388-C29D7D70F3DF}.Debug-2024|x64.Build.0 = Debug|Any CPU
		{D4A8DF59-48C3-4CD2-9388-C29D7D70F3DF}.Release N24|Any CPU.ActiveCfg = Release|Any CPU
		{D4A8DF59-48C3-4CD2-9388-C29D7D70F3DF}.Release N24|Any CPU.Build.0 = Release|Any CPU
		{D4A8DF59-48C3-4CD2-9388-C29D7D70F3DF}.Release N24|x64.ActiveCfg = Release|Any CPU
		{D4A8DF59-48C3-4CD2-9388-C29D7D70F3DF}.Release N24|x64.Build.0 = Release|Any CPU
		{D4A8DF59-48C3-4CD2-9388-C29D7D70F3DF}.Release|Any CPU.ActiveCfg = Release|Any CPU
		{D4A8DF59-48C3-4CD2-9388-C29D7D70F3DF}.Release|Any CPU.Build.0 = Release|Any CPU
		{D4A8DF59-48C3-4CD2-9388-C29D7D70F3DF}.Release|x64.ActiveCfg = Release|Any CPU
		{D4A8DF59-48C3-4CD2-9388-C29D7D70F3DF}.Release|x64.Build.0 = Release|Any CPU
		{D4A8DF59-48C3-4CD2-9388-C29D7D70F3DF}.Release-2024|Any CPU.ActiveCfg = Release|Any CPU
		{D4A8DF59-48C3-4CD2-9388-C29D7D70F3DF}.Release-2024|Any CPU.Build.0 = Release|Any CPU
		{D4A8DF59-48C3-4CD2-9388-C29D7D70F3DF}.Release-2024|x64.ActiveCfg = Release|Any CPU
		{D4A8DF59-48C3-4CD2-9388-C29D7D70F3DF}.Release-2024|x64.Build.0 = Release|Any CPU
		{AB458E6D-0BDB-4EC6-8FAF-7FFC1EF93F8F}.Debug N22|Any CPU.ActiveCfg = Debug|Any CPU
		{AB458E6D-0BDB-4EC6-8FAF-7FFC1EF93F8F}.Debug N22|Any CPU.Build.0 = Debug|Any CPU
		{AB458E6D-0BDB-4EC6-8FAF-7FFC1EF93F8F}.Debug N22|x64.ActiveCfg = Debug|Any CPU
		{AB458E6D-0BDB-4EC6-8FAF-7FFC1EF93F8F}.Debug N22|x64.Build.0 = Debug|Any CPU
		{AB458E6D-0BDB-4EC6-8FAF-7FFC1EF93F8F}.Debug N24|Any CPU.ActiveCfg = Debug|Any CPU
		{AB458E6D-0BDB-4EC6-8FAF-7FFC1EF93F8F}.Debug N24|Any CPU.Build.0 = Debug|Any CPU
		{AB458E6D-0BDB-4EC6-8FAF-7FFC1EF93F8F}.Debug N24|x64.ActiveCfg = Debug|Any CPU
		{AB458E6D-0BDB-4EC6-8FAF-7FFC1EF93F8F}.Debug N24|x64.Build.0 = Debug|Any CPU
		{AB458E6D-0BDB-4EC6-8FAF-7FFC1EF93F8F}.Debug|Any CPU.ActiveCfg = Debug|Any CPU
		{AB458E6D-0BDB-4EC6-8FAF-7FFC1EF93F8F}.Debug|Any CPU.Build.0 = Debug|Any CPU
		{AB458E6D-0BDB-4EC6-8FAF-7FFC1EF93F8F}.Debug|x64.ActiveCfg = Debug|Any CPU
		{AB458E6D-0BDB-4EC6-8FAF-7FFC1EF93F8F}.Debug|x64.Build.0 = Debug|Any CPU
		{AB458E6D-0BDB-4EC6-8FAF-7FFC1EF93F8F}.Debug-2024|Any CPU.ActiveCfg = Debug|Any CPU
		{AB458E6D-0BDB-4EC6-8FAF-7FFC1EF93F8F}.Debug-2024|Any CPU.Build.0 = Debug|Any CPU
		{AB458E6D-0BDB-4EC6-8FAF-7FFC1EF93F8F}.Debug-2024|x64.ActiveCfg = Debug|Any CPU
		{AB458E6D-0BDB-4EC6-8FAF-7FFC1EF93F8F}.Debug-2024|x64.Build.0 = Debug|Any CPU
		{AB458E6D-0BDB-4EC6-8FAF-7FFC1EF93F8F}.Release N24|Any CPU.ActiveCfg = Release|Any CPU
		{AB458E6D-0BDB-4EC6-8FAF-7FFC1EF93F8F}.Release N24|Any CPU.Build.0 = Release|Any CPU
		{AB458E6D-0BDB-4EC6-8FAF-7FFC1EF93F8F}.Release N24|x64.ActiveCfg = Release|Any CPU
		{AB458E6D-0BDB-4EC6-8FAF-7FFC1EF93F8F}.Release N24|x64.Build.0 = Release|Any CPU
		{AB458E6D-0BDB-4EC6-8FAF-7FFC1EF93F8F}.Release|Any CPU.ActiveCfg = Release|Any CPU
		{AB458E6D-0BDB-4EC6-8FAF-7FFC1EF93F8F}.Release|Any CPU.Build.0 = Release|Any CPU
		{AB458E6D-0BDB-4EC6-8FAF-7FFC1EF93F8F}.Release|x64.ActiveCfg = Release|Any CPU
		{AB458E6D-0BDB-4EC6-8FAF-7FFC1EF93F8F}.Release|x64.Build.0 = Release|Any CPU
		{AB458E6D-0BDB-4EC6-8FAF-7FFC1EF93F8F}.Release-2024|Any CPU.ActiveCfg = Release|Any CPU
		{AB458E6D-0BDB-4EC6-8FAF-7FFC1EF93F8F}.Release-2024|Any CPU.Build.0 = Release|Any CPU
		{AB458E6D-0BDB-4EC6-8FAF-7FFC1EF93F8F}.Release-2024|x64.ActiveCfg = Release|Any CPU
		{AB458E6D-0BDB-4EC6-8FAF-7FFC1EF93F8F}.Release-2024|x64.Build.0 = Release|Any CPU
		{6895D019-8405-498C-8D6B-16C096E06136}.Debug N22|Any CPU.ActiveCfg = Debug|Any CPU
		{6895D019-8405-498C-8D6B-16C096E06136}.Debug N22|Any CPU.Build.0 = Debug|Any CPU
		{6895D019-8405-498C-8D6B-16C096E06136}.Debug N22|x64.ActiveCfg = Debug|Any CPU
		{6895D019-8405-498C-8D6B-16C096E06136}.Debug N22|x64.Build.0 = Debug|Any CPU
		{6895D019-8405-498C-8D6B-16C096E06136}.Debug N24|Any CPU.ActiveCfg = Debug|Any CPU
		{6895D019-8405-498C-8D6B-16C096E06136}.Debug N24|Any CPU.Build.0 = Debug|Any CPU
		{6895D019-8405-498C-8D6B-16C096E06136}.Debug N24|x64.ActiveCfg = Debug|Any CPU
		{6895D019-8405-498C-8D6B-16C096E06136}.Debug N24|x64.Build.0 = Debug|Any CPU
		{6895D019-8405-498C-8D6B-16C096E06136}.Debug|Any CPU.ActiveCfg = Debug|Any CPU
		{6895D019-8405-498C-8D6B-16C096E06136}.Debug|Any CPU.Build.0 = Debug|Any CPU
		{6895D019-8405-498C-8D6B-16C096E06136}.Debug|x64.ActiveCfg = Debug|Any CPU
		{6895D019-8405-498C-8D6B-16C096E06136}.Debug|x64.Build.0 = Debug|Any CPU
		{6895D019-8405-498C-8D6B-16C096E06136}.Debug-2024|Any CPU.ActiveCfg = Debug|Any CPU
		{6895D019-8405-498C-8D6B-16C096E06136}.Debug-2024|Any CPU.Build.0 = Debug|Any CPU
		{6895D019-8405-498C-8D6B-16C096E06136}.Debug-2024|x64.ActiveCfg = Debug|Any CPU
		{6895D019-8405-498C-8D6B-16C096E06136}.Debug-2024|x64.Build.0 = Debug|Any CPU
		{6895D019-8405-498C-8D6B-16C096E06136}.Release N24|Any CPU.ActiveCfg = Release|Any CPU
		{6895D019-8405-498C-8D6B-16C096E06136}.Release N24|Any CPU.Build.0 = Release|Any CPU
		{6895D019-8405-498C-8D6B-16C096E06136}.Release N24|x64.ActiveCfg = Release|Any CPU
		{6895D019-8405-498C-8D6B-16C096E06136}.Release N24|x64.Build.0 = Release|Any CPU
		{6895D019-8405-498C-8D6B-16C096E06136}.Release|Any CPU.ActiveCfg = Release|Any CPU
		{6895D019-8405-498C-8D6B-16C096E06136}.Release|Any CPU.Build.0 = Release|Any CPU
		{6895D019-8405-498C-8D6B-16C096E06136}.Release|x64.ActiveCfg = Release|Any CPU
		{6895D019-8405-498C-8D6B-16C096E06136}.Release|x64.Build.0 = Release|Any CPU
		{6895D019-8405-498C-8D6B-16C096E06136}.Release-2024|Any CPU.ActiveCfg = Release|Any CPU
		{6895D019-8405-498C-8D6B-16C096E06136}.Release-2024|Any CPU.Build.0 = Release|Any CPU
		{6895D019-8405-498C-8D6B-16C096E06136}.Release-2024|x64.ActiveCfg = Release|Any CPU
		{6895D019-8405-498C-8D6B-16C096E06136}.Release-2024|x64.Build.0 = Release|Any CPU
	EndGlobalSection
	GlobalSection(SolutionProperties) = preSolution
		HideSolutionNode = FALSE
	EndGlobalSection
	GlobalSection(ExtensibilityGlobals) = postSolution
		SolutionGuid = {10421BD1-3960-47E9-8748-FFF54A3EBB53}
	EndGlobalSection
EndGlobal
